
Microsoft Visual Studio Solution File, Format Version 12.00
# Visual Studio 15
VisualStudioVersion = 15.0.28010.2046
MinimumVisualStudioVersion = 10.0.40219.1
Project("{FAE04EC0-301F-11D3-BF4B-00C04F79EFBC}") = "Project01_8840_3630_dotNet5779", "Project01_8840_3630_dotNet5779\Project01_8840_3630_dotNet5779.csproj", "{CF9A0386-7DB0-454A-8184-0676B17DF497}"
EndProject
Project("{FAE04EC0-301F-11D3-BF4B-00C04F79EFBC}") = "BE", "BE\BE.csproj", "{325A1474-1B48-42D3-ABD1-FB3EFB393099}"
EndProject
Project("{FAE04EC0-301F-11D3-BF4B-00C04F79EFBC}") = "DAL", "DAL\DAL.csproj", "{00C03A40-9F06-4C97-9BA0-C15807E5E04F}"
EndProject
Global
	GlobalSection(SolutionConfigurationPlatforms) = preSolution
		Debug|Any CPU = Debug|Any CPU
		Release|Any CPU = Release|Any CPU
	EndGlobalSection
	GlobalSection(ProjectConfigurationPlatforms) = postSolution
		{CF9A0386-7DB0-454A-8184-0676B17DF497}.Debug|Any CPU.ActiveCfg = Debug|Any CPU
		{CF9A0386-7DB0-454A-8184-0676B17DF497}.Debug|Any CPU.Build.0 = Debug|Any CPU
		{CF9A0386-7DB0-454A-8184-0676B17DF497}.Release|Any CPU.ActiveCfg = Release|Any CPU
		{CF9A0386-7DB0-454A-8184-0676B17DF497}.Release|Any CPU.Build.0 = Release|Any CPU
		{325A1474-1B48-42D3-ABD1-FB3EFB393099}.Debug|Any CPU.ActiveCfg = Debug|Any CPU
		{325A1474-1B48-42D3-ABD1-FB3EFB393099}.Debug|Any CPU.Build.0 = Debug|Any CPU
		{325A1474-1B48-42D3-ABD1-FB3EFB393099}.Release|Any CPU.ActiveCfg = Release|Any CPU
		{325A1474-1B48-42D3-ABD1-FB3EFB393099}.Release|Any CPU.Build.0 = Release|Any CPU
		{00C03A40-9F06-4C97-9BA0-C15807E5E04F}.Debug|Any CPU.ActiveCfg = Debug|Any CPU
		{00C03A40-9F06-4C97-9BA0-C15807E5E04F}.Debug|Any CPU.Build.0 = Debug|Any CPU
		{00C03A40-9F06-4C97-9BA0-C15807E5E04F}.Release|Any CPU.ActiveCfg = Release|Any CPU
		{00C03A40-9F06-4C97-9BA0-C15807E5E04F}.Release|Any CPU.Build.0 = Release|Any CPU
	EndGlobalSection
	GlobalSection(SolutionProperties) = preSolution
		HideSolutionNode = FALSE
	EndGlobalSection
	GlobalSection(ExtensibilityGlobals) = postSolution
		SolutionGuid = {80543596-D699-4F98-81A7-D7B5DC31E4A0}
	EndGlobalSection
EndGlobal
